// !$*UTF8*$!
{
	archiveVersion = 1;
	classes = {
	};
	objectVersion = 46;
	objects = {

/* Begin PBXBuildFile section */
		E9334C431B03F5BC00ED398B /* AppDelegate.swift in Sources */ = {isa = PBXBuildFile; fileRef = E9334C421B03F5BC00ED398B /* AppDelegate.swift */; };
		E9334C451B03F5BC00ED398B /* ViewController.swift in Sources */ = {isa = PBXBuildFile; fileRef = E9334C441B03F5BC00ED398B /* ViewController.swift */; };
		E9334C481B03F5BC00ED398B /* Main.storyboard in Resources */ = {isa = PBXBuildFile; fileRef = E9334C461B03F5BC00ED398B /* Main.storyboard */; };
		E9334C4A1B03F5BC00ED398B /* Images.xcassets in Resources */ = {isa = PBXBuildFile; fileRef = E9334C491B03F5BC00ED398B /* Images.xcassets */; };
		E9334C4D1B03F5BC00ED398B /* LaunchScreen.xib in Resources */ = {isa = PBXBuildFile; fileRef = E9334C4B1B03F5BC00ED398B /* LaunchScreen.xib */; };
		E9334C591B03F5BC00ED398B /* Stat_TrackerTests.swift in Sources */ = {isa = PBXBuildFile; fileRef = E9334C581B03F5BC00ED398B /* Stat_TrackerTests.swift */; };
		E9334C631B04302D00ED398B /* TallyRec-Logo.png in Resources */ = {isa = PBXBuildFile; fileRef = E9334C621B04302D00ED398B /* TallyRec-Logo.png */; };
/* End PBXBuildFile section */

/* Begin PBXContainerItemProxy section */
		E9334C531B03F5BC00ED398B /* PBXContainerItemProxy */ = {
			isa = PBXContainerItemProxy;
			containerPortal = E9334C351B03F5BC00ED398B /* Project object */;
			proxyType = 1;
			remoteGlobalIDString = E9334C3C1B03F5BC00ED398B;
			remoteInfo = "Stat Tracker";
		};
/* End PBXContainerItemProxy section */

/* Begin PBXFileReference section */
		E9334C3D1B03F5BC00ED398B /* Stat Tracker.app */ = {isa = PBXFileReference; explicitFileType = wrapper.application; includeInIndex = 0; path = "Stat Tracker.app"; sourceTree = BUILT_PRODUCTS_DIR; };
		E9334C411B03F5BC00ED398B /* Info.plist */ = {isa = PBXFileReference; lastKnownFileType = text.plist.xml; path = Info.plist; sourceTree = "<group>"; };
		E9334C421B03F5BC00ED398B /* AppDelegate.swift */ = {isa = PBXFileReference; lastKnownFileType = sourcecode.swift; path = AppDelegate.swift; sourceTree = "<group>"; };
		E9334C441B03F5BC00ED398B /* ViewController.swift */ = {isa = PBXFileReference; lastKnownFileType = sourcecode.swift; path = ViewController.swift; sourceTree = "<group>"; };
		E9334C471B03F5BC00ED398B /* Base */ = {isa = PBXFileReference; lastKnownFileType = file.storyboard; name = Base; path = Base.lproj/Main.storyboard; sourceTree = "<group>"; };
		E9334C491B03F5BC00ED398B /* Images.xcassets */ = {isa = PBXFileReference; lastKnownFileType = folder.assetcatalog; path = Images.xcassets; sourceTree = "<group>"; };
		E9334C4C1B03F5BC00ED398B /* Base */ = {isa = PBXFileReference; lastKnownFileType = file.xib; name = Base; path = Base.lproj/LaunchScreen.xib; sourceTree = "<group>"; };
		E9334C521B03F5BC00ED398B /* Stat TrackerTests.xctest */ = {isa = PBXFileReference; explicitFileType = wrapper.cfbundle; includeInIndex = 0; path = "Stat TrackerTests.xctest"; sourceTree = BUILT_PRODUCTS_DIR; };
		E9334C571B03F5BC00ED398B /* Info.plist */ = {isa = PBXFileReference; lastKnownFileType = text.plist.xml; path = Info.plist; sourceTree = "<group>"; };
		E9334C581B03F5BC00ED398B /* Stat_TrackerTests.swift */ = {isa = PBXFileReference; lastKnownFileType = sourcecode.swift; path = Stat_TrackerTests.swift; sourceTree = "<group>"; };
		E9334C621B04302D00ED398B /* TallyRec-Logo.png */ = {isa = PBXFileReference; lastKnownFileType = image.png; path = "TallyRec-Logo.png"; sourceTree = "<group>"; };
/* End PBXFileReference section */

/* Begin PBXFrameworksBuildPhase section */
		E9334C3A1B03F5BC00ED398B /* Frameworks */ = {
			isa = PBXFrameworksBuildPhase;
			buildActionMask = 2147483647;
			files = (
			);
			runOnlyForDeploymentPostprocessing = 0;
		};
		E9334C4F1B03F5BC00ED398B /* Frameworks */ = {
			isa = PBXFrameworksBuildPhase;
			buildActionMask = 2147483647;
			files = (
			);
			runOnlyForDeploymentPostprocessing = 0;
		};
/* End PBXFrameworksBuildPhase section */

/* Begin PBXGroup section */
		E9334C341B03F5BC00ED398B = {
			isa = PBXGroup;
			children = (
				E9334C3F1B03F5BC00ED398B /* Stat Tracker */,
				E9334C551B03F5BC00ED398B /* Stat TrackerTests */,
				E9334C3E1B03F5BC00ED398B /* Products */,
			);
			sourceTree = "<group>";
		};
		E9334C3E1B03F5BC00ED398B /* Products */ = {
			isa = PBXGroup;
			children = (
				E9334C3D1B03F5BC00ED398B /* Stat Tracker.app */,
				E9334C521B03F5BC00ED398B /* Stat TrackerTests.xctest */,
			);
			name = Products;
			sourceTree = "<group>";
		};
		E9334C3F1B03F5BC00ED398B /* Stat Tracker */ = {
			isa = PBXGroup;
			children = (
				E9334C421B03F5BC00ED398B /* AppDelegate.swift */,
				E9334C441B03F5BC00ED398B /* ViewController.swift */,
				E9334C461B03F5BC00ED398B /* Main.storyboard */,
				E9334C621B04302D00ED398B /* TallyRec-Logo.png */,
				E9334C491B03F5BC00ED398B /* Images.xcassets */,
				E9334C4B1B03F5BC00ED398B /* LaunchScreen.xib */,
				E9334C401B03F5BC00ED398B /* Supporting Files */,
			);
			path = "Stat Tracker";
			sourceTree = "<group>";
		};
		E9334C401B03F5BC00ED398B /* Supporting Files */ = {
			isa = PBXGroup;
			children = (
				E9334C411B03F5BC00ED398B /* Info.plist */,
			);
			name = "Supporting Files";
			sourceTree = "<group>";
		};
		E9334C551B03F5BC00ED398B /* Stat TrackerTests */ = {
			isa = PBXGroup;
			children = (
				E9334C581B03F5BC00ED398B /* Stat_TrackerTests.swift */,
				E9334C561B03F5BC00ED398B /* Supporting Files */,
			);
			path = "Stat TrackerTests";
			sourceTree = "<group>";
		};
		E9334C561B03F5BC00ED398B /* Supporting Files */ = {
			isa = PBXGroup;
			children = (
				E9334C571B03F5BC00ED398B /* Info.plist */,
			);
			name = "Supporting Files";
			sourceTree = "<group>";
		};
/* End PBXGroup section */

/* Begin PBXNativeTarget section */
		E9334C3C1B03F5BC00ED398B /* Stat Tracker */ = {
			isa = PBXNativeTarget;
			buildConfigurationList = E9334C5C1B03F5BC00ED398B /* Build configuration list for PBXNativeTarget "Stat Tracker" */;
			buildPhases = (
				E9334C391B03F5BC00ED398B /* Sources */,
				E9334C3A1B03F5BC00ED398B /* Frameworks */,
				E9334C3B1B03F5BC00ED398B /* Resources */,
			);
			buildRules = (
			);
			dependencies = (
			);
			name = "Stat Tracker";
			productName = "Stat Tracker";
			productReference = E9334C3D1B03F5BC00ED398B /* Stat Tracker.app */;
			productType = "com.apple.product-type.application";
		};
		E9334C511B03F5BC00ED398B /* Stat TrackerTests */ = {
			isa = PBXNativeTarget;
			buildConfigurationList = E9334C5F1B03F5BC00ED398B /* Build configuration list for PBXNativeTarget "Stat TrackerTests" */;
			buildPhases = (
				E9334C4E1B03F5BC00ED398B /* Sources */,
				E9334C4F1B03F5BC00ED398B /* Frameworks */,
				E9334C501B03F5BC00ED398B /* Resources */,
			);
			buildRules = (
			);
			dependencies = (
				E9334C541B03F5BC00ED398B /* PBXTargetDependency */,
			);
			name = "Stat TrackerTests";
			productName = "Stat TrackerTests";
			productReference = E9334C521B03F5BC00ED398B /* Stat TrackerTests.xctest */;
			productType = "com.apple.product-type.bundle.unit-test";
		};
/* End PBXNativeTarget section */

/* Begin PBXProject section */
		E9334C351B03F5BC00ED398B /* Project object */ = {
			isa = PBXProject;
			attributes = {
				LastUpgradeCheck = 0630;
				ORGANIZATIONNAME = Thomas;
				TargetAttributes = {
					E9334C3C1B03F5BC00ED398B = {
						CreatedOnToolsVersion = 6.3.1;
					};
					E9334C511B03F5BC00ED398B = {
						CreatedOnToolsVersion = 6.3.1;
						TestTargetID = E9334C3C1B03F5BC00ED398B;
					};
				};
			};
			buildConfigurationList = E9334C381B03F5BC00ED398B /* Build configuration list for PBXProject "Stat Tracker" */;
			compatibilityVersion = "Xcode 3.2";
			developmentRegion = English;
			hasScannedForEncodings = 0;
			knownRegions = (
				en,
				Base,
			);
			mainGroup = E9334C341B03F5BC00ED398B;
			productRefGroup = E9334C3E1B03F5BC00ED398B /* Products */;
			projectDirPath = "";
			projectRoot = "";
			targets = (
				E9334C3C1B03F5BC00ED398B /* Stat Tracker */,
				E9334C511B03F5BC00ED398B /* Stat TrackerTests */,
			);
		};
/* End PBXProject section */

/* Begin PBXResourcesBuildPhase section */
		E9334C3B1B03F5BC00ED398B /* Resources */ = {
			isa = PBXResourcesBuildPhase;
			buildActionMask = 2147483647;
			files = (
				E9334C481B03F5BC00ED398B /* Main.storyboard in Resources */,
				E9334C4D1B03F5BC00ED398B /* LaunchScreen.xib in Resources */,
				E9334C631B04302D00ED398B /* TallyRec-Logo.png in Resources */,
				E9334C4A1B03F5BC00ED398B /* Images.xcassets in Resources */,
			);
			runOnlyForDeploymentPostprocessing = 0;
		};
		E9334C501B03F5BC00ED398B /* Resources */ = {
			isa = PBXResourcesBuildPhase;
			buildActionMask = 2147483647;
			files = (
			);
			runOnlyForDeploymentPostprocessing = 0;
		};
/* End PBXResourcesBuildPhase section */

/* Begin PBXSourcesBuildPhase section */
		E9334C391B03F5BC00ED398B /* Sources */ = {
			isa = PBXSourcesBuildPhase;
			buildActionMask = 2147483647;
			files = (
				E9334C451B03F5BC00ED398B /* ViewController.swift in Sources */,
				E9334C431B03F5BC00ED398B /* AppDelegate.swift in Sources */,
			);
			runOnlyForDeploymentPostprocessing = 0;
		};
		E9334C4E1B03F5BC00ED398B /* Sources */ = {
			isa = PBXSourcesBuildPhase;
			buildActionMask = 2147483647;
			files = (
				E9334C591B03F5BC00ED398B /* Stat_TrackerTests.swift in Sources */,
			);
			runOnlyForDeploymentPostprocessing = 0;
		};
/* End PBXSourcesBuildPhase section */

/* Begin PBXTargetDependency section */
		E9334C541B03F5BC00ED398B /* PBXTargetDependency */ = {
			isa = PBXTargetDependency;
			target = E9334C3C1B03F5BC00ED398B /* Stat Tracker */;
			targetProxy = E9334C531B03F5BC00ED398B /* PBXContainerItemProxy */;
		};
/* End PBXTargetDependency section */

/* Begin PBXVariantGroup section */
		E9334C461B03F5BC00ED398B /* Main.storyboard */ = {
			isa = PBXVariantGroup;
			children = (
				E9334C471B03F5BC00ED398B /* Base */,
			);
			name = Main.storyboard;
			sourceTree = "<group>";
		};
		E9334C4B1B03F5BC00ED398B /* LaunchScreen.xib */ = {
			isa = PBXVariantGroup;
			children = (
				E9334C4C1B03F5BC00ED398B /* Base */,
			);
			name = LaunchScreen.xib;
			sourceTree = "<group>";
		};
/* End PBXVariantGroup section */

/* Begin XCBuildConfiguration section */
		E9334C5A1B03F5BC00ED398B /* Debug */ = {
			isa = XCBuildConfiguration;
			buildSettings = {
				ALWAYS_SEARCH_USER_PATHS = NO;
				CLANG_CXX_LANGUAGE_STANDARD = "gnu++0x";
				CLANG_CXX_LIBRARY = "libc++";
				CLANG_ENABLE_MODULES = YES;
				CLANG_ENABLE_OBJC_ARC = YES;
				CLANG_WARN_BOOL_CONVERSION = YES;
				CLANG_WARN_CONSTANT_CONVERSION = YES;
				CLANG_WARN_DIRECT_OBJC_ISA_USAGE = YES_ERROR;
				CLANG_WARN_EMPTY_BODY = YES;
				CLANG_WARN_ENUM_CONVERSION = YES;
				CLANG_WARN_INT_CONVERSION = YES;
				CLANG_WARN_OBJC_ROOT_CLASS = YES_ERROR;
				CLANG_WARN_UNREACHABLE_CODE = YES;
				CLANG_WARN__DUPLICATE_METHOD_MATCH = YES;
				"CODE_SIGN_IDENTITY[sdk=iphoneos*]" = "iPhone Developer";
				COPY_PHASE_STRIP = NO;
				DEBUG_INFORMATION_FORMAT = "dwarf-with-dsym";
				ENABLE_STRICT_OBJC_MSGSEND = YES;
				GCC_C_LANGUAGE_STANDARD = gnu99;
				GCC_DYNAMIC_NO_PIC = NO;
				GCC_NO_COMMON_BLOCKS = YES;
				GCC_OPTIMIZATION_LEVEL = 0;
				GCC_PREPROCESSOR_DEFINITIONS = (
					"DEBUG=1",
					"$(inherited)",
				);
				GCC_SYMBOLS_PRIVATE_EXTERN = NO;
				GCC_WARN_64_TO_32_BIT_CONVERSION = YES;
				GCC_WARN_ABOUT_RETURN_TYPE = YES_ERROR;
				GCC_WARN_UNDECLARED_SELECTOR = YES;
				GCC_WARN_UNINITIALIZED_AUTOS = YES_AGGRESSIVE;
				GCC_WARN_UNUSED_FUNCTION = YES;
				GCC_WARN_UNUSED_VARIABLE = YES;
				IPHONEOS_DEPLOYMENT_TARGET = 8.3;
				MTL_ENABLE_DEBUG_INFO = YES;
				ONLY_ACTIVE_ARCH = YES;
				SDKROOT = iphoneos;
				SWIFT_OPTIMIZATION_LEVEL = "-Onone";
			};
			name = Debug;
		};
		E9334C5B1B03F5BC00ED398B /* Release */ = {
			isa = XCBuildConfiguration;
			buildSettings = {
				ALWAYS_SEARCH_USER_PATHS = NO;
				CLANG_CXX_LANGUAGE_STANDARD = "gnu++0x";
				CLANG_CXX_LIBRARY = "libc++";
				CLANG_ENABLE_MODULES = YES;
				CLANG_ENABLE_OBJC_ARC = YES;
				CLANG_WARN_BOOL_CONVERSION = YES;
				CLANG_WARN_CONSTANT_CONVERSION = YES;
				CLANG_WARN_DIRECT_OBJC_ISA_USAGE = YES_ERROR;
				CLANG_WARN_EMPTY_BODY = YES;
				CLANG_WARN_ENUM_CONVERSION = YES;
				CLANG_WARN_INT_CONVERSION = YES;
				CLANG_WARN_OBJC_ROOT_CLASS = YES_ERROR;
				CLANG_WARN_UNREACHABLE_CODE = YES;
				CLANG_WARN__DUPLICATE_METHOD_MATCH = YES;
				"CODE_SIGN_IDENTITY[sdk=iphoneos*]" = "iPhone Developer";
				COPY_PHASE_STRIP = NO;
				DEBUG_INFORMATION_FORMAT = "dwarf-with-dsym";
				ENABLE_NS_ASSERTIONS = NO;
				ENABLE_STRICT_OBJC_MSGSEND = YES;
				GCC_C_LANGUAGE_STANDARD = gnu99;
				GCC_NO_COMMON_BLOCKS = YES;
				GCC_WARN_64_TO_32_BIT_CONVERSION = YES;
				GCC_WARN_ABOUT_RETURN_TYPE = YES_ERROR;
				GCC_WARN_UNDECLARED_SELECTOR = YES;
				GCC_WARN_UNINITIALIZED_AUTOS = YES_AGGRESSIVE;
				GCC_WARN_UNUSED_FUNCTION = YES;
				GCC_WARN_UNUSED_VARIABLE = YES;
				IPHONEOS_DEPLOYMENT_TARGET = 8.3;
				MTL_ENABLE_DEBUG_INFO = NO;
				SDKROOT = iphoneos;
				VALIDATE_PRODUCT = YES;
			};
			name = Release;
		};
		E9334C5D1B03F5BC00ED398B /* Debug */ = {
			isa = XCBuildConfiguration;
			buildSettings = {
				ASSETCATALOG_COMPILER_APPICON_NAME = AppIcon;
				INFOPLIST_FILE = "Stat Tracker/Info.plist";
				LD_RUNPATH_SEARCH_PATHS = "$(inherited) @executable_path/Frameworks";
				PRODUCT_NAME = "$(TARGET_NAME)";
			};
			name = Debug;
		};
		E9334C5E1B03F5BC00ED398B /* Release */ = {
			isa = XCBuildConfiguration;
			buildSettings = {
				ASSETCATALOG_COMPILER_APPICON_NAME = AppIcon;
				INFOPLIST_FILE = "Stat Tracker/Info.plist";
				LD_RUNPATH_SEARCH_PATHS = "$(inherited) @executable_path/Frameworks";
				PRODUCT_NAME = "$(TARGET_NAME)";
			};
			name = Release;
		};
		E9334C601B03F5BC00ED398B /* Debug */ = {
			isa = XCBuildConfiguration;
			buildSettings = {
				BUNDLE_LOADER = "$(TEST_HOST)";
				FRAMEWORK_SEARCH_PATHS = (
					"$(SDKROOT)/Developer/Library/Frameworks",
					"$(inherited)",
				);
				GCC_PREPROCESSOR_DEFINITIONS = (
					"DEBUG=1",
					"$(inherited)",
				);
				INFOPLIST_FILE = "Stat TrackerTests/Info.plist";
				LD_RUNPATH_SEARCH_PATHS = "$(inherited) @executable_path/Frameworks @loader_path/Frameworks";
				PRODUCT_NAME = "$(TARGET_NAME)";
				TEST_HOST = "$(BUILT_PRODUCTS_DIR)/Stat Tracker.app/Stat Tracker";
			};
			name = Debug;
		};
		E9334C611B03F5BC00ED398B /* Release */ = {
			isa = XCBuildConfiguration;
			buildSettings = {
				BUNDLE_LOADER = "$(TEST_HOST)";
				FRAMEWORK_SEARCH_PATHS = (
					"$(SDKROOT)/Developer/Library/Frameworks",
					"$(inherited)",
				);
				INFOPLIST_FILE = "Stat TrackerTests/Info.plist";
				LD_RUNPATH_SEARCH_PATHS = "$(inherited) @executable_path/Frameworks @loader_path/Frameworks";
				PRODUCT_NAME = "$(TARGET_NAME)";
				TEST_HOST = "$(BUILT_PRODUCTS_DIR)/Stat Tracker.app/Stat Tracker";
			};
			name = Release;
		};
/* End XCBuildConfiguration section */

/* Begin XCConfigurationList section */
		E9334C381B03F5BC00ED398B /* Build configuration list for PBXProject "Stat Tracker" */ = {
			isa = XCConfigurationList;
			buildConfigurations = (
				E9334C5A1B03F5BC00ED398B /* Debug */,
				E9334C5B1B03F5BC00ED398B /* Release */,
			);
			defaultConfigurationIsVisible = 0;
			defaultConfigurationName = Release;
		};
		E9334C5C1B03F5BC00ED398B /* Build configuration list for PBXNativeTarget "Stat Tracker" */ = {
			isa = XCConfigurationList;
			buildConfigurations = (
				E9334C5D1B03F5BC00ED398B /* Debug */,
				E9334C5E1B03F5BC00ED398B /* Release */,
			);
			defaultConfigurationIsVisible = 0;
			defaultConfigurationName = Release;
		};
		E9334C5F1B03F5BC00ED398B /* Build configuration list for PBXNativeTarget "Stat TrackerTests" */ = {
			isa = XCConfigurationList;
			buildConfigurations = (
				E9334C601B03F5BC00ED398B /* Debug */,
				E9334C611B03F5BC00ED398B /* Release */,
			);
			defaultConfigurationIsVisible = 0;
			defaultConfigurationName = Release;
		};
/* End XCConfigurationList section */
	};
	rootObject = E9334C351B03F5BC00ED398B /* Project object */;
}
